
Microsoft Visual Studio Solution File, Format Version 12.00
# Visual Studio 2012
Project("{FAE04EC0-301F-11D3-BF4B-00C04F79EFBC}") = "Pass4SureTestingEngine", "Pass4SureTestingEngine\Pass4SureTestingEngine.csproj", "{54063C52-3941-425C-B3E3-AE9443EDB2F6}"
EndProject
Global
	GlobalSection(SolutionConfigurationPlatforms) = preSolution
		Debug|Any CPU = Debug|Any CPU
		Release|Any CPU = Release|Any CPU
	EndGlobalSection
	GlobalSection(ProjectConfigurationPlatforms) = postSolution
		{54063C52-3941-425C-B3E3-AE9443EDB2F6}.Debug|Any CPU.ActiveCfg = Debug|Any CPU
		{54063C52-3941-425C-B3E3-AE9443EDB2F6}.Debug|Any CPU.Build.0 = Debug|Any CPU
		{54063C52-3941-425C-B3E3-AE9443EDB2F6}.Release|Any CPU.ActiveCfg = Release|Any CPU
		{54063C52-3941-425C-B3E3-AE9443EDB2F6}.Release|Any CPU.Build.0 = Release|Any CPU
	EndGlobalSection
	GlobalSection(SolutionProperties) = preSolution
		HideSolutionNode = FALSE
	EndGlobalSection
EndGlobal
